
Microsoft Visual Studio Solution File, Format Version 12.00
# Visual Studio Version 17
VisualStudioVersion = 17.5.33516.290
MinimumVisualStudioVersion = 10.0.40219.1
Project("{9A19103F-16F7-4668-BE54-9A1E7A4F7556}") = "appify.web.api", "appify.web.api.csproj", "{3EB1B680-6720-4555-A2D9-32AA0A868E99}"
EndProject
Project("{2150E333-8FDC-42A3-9474-1A3956D46DE8}") = "Utility", "Utility", "{932FEB91-E3F8-49AB-BC51-0AF60E989278}"
EndProject
Project("{9A19103F-16F7-4668-BE54-9A1E7A4F7556}") = "appify.utility", "..\appify.utility\appify.utility.csproj", "{582E0C53-BE55-498C-9150-B90E20591298}"
EndProject
Project("{2150E333-8FDC-42A3-9474-1A3956D46DE8}") = "Business", "Business", "{AF4D485F-49E9-476B-AB7E-F078AEA56863}"
EndProject
Project("{2150E333-8FDC-42A3-9474-1A3956D46DE8}") = "DataAccess", "DataAccess", "{F800DBBF-F900-4F33-87D1-BE226AF3DAE9}"
EndProject
Project("{2150E333-8FDC-42A3-9474-1A3956D46DE8}") = "Model", "Model", "{964E4B57-BB48-4150-B240-7F5BA85D384E}"
EndProject
Project("{9A19103F-16F7-4668-BE54-9A1E7A4F7556}") = "appify.models", "..\appify.models\appify.models.csproj", "{D2B624E8-0311-4CEB-96B0-D46A7CDF43D6}"
EndProject
Project("{9A19103F-16F7-4668-BE54-9A1E7A4F7556}") = "appify.DataAccess.Contract", "..\appify.DataAccess.Contract\appify.DataAccess.Contract.csproj", "{449DA3EE-A3BB-408A-ACFE-1D4A8E72A143}"
EndProject
Project("{9A19103F-16F7-4668-BE54-9A1E7A4F7556}") = "appify.dbroutine", "..\appify.dbroutine\appify.dbroutine.csproj", "{25357030-5C88-4198-A2AD-935B4A990DE5}"
EndProject
Project("{9A19103F-16F7-4668-BE54-9A1E7A4F7556}") = "appify.Business.Contract", "..\appify.Business.Contract\appify.Business.Contract.csproj", "{E66F5055-D18B-4199-A1EC-0F8AA3CB6F9E}"
EndProject
Project("{9A19103F-16F7-4668-BE54-9A1E7A4F7556}") = "appify.Business", "..\appify.Business\appify.Business.csproj", "{01650809-8C9A-462A-9CB7-352678503C90}"
EndProject
Project("{9A19103F-16F7-4668-BE54-9A1E7A4F7556}") = "appify.DataAccess", "..\appify.DataAccess\appify.DataAccess.csproj", "{43D0FBA6-157A-486E-94AF-B545CA7D5ACA}"
EndProject
Global
	GlobalSection(SolutionConfigurationPlatforms) = preSolution
		Debug|Any CPU = Debug|Any CPU
		Release|Any CPU = Release|Any CPU
	EndGlobalSection
	GlobalSection(ProjectConfigurationPlatforms) = postSolution
		{3EB1B680-6720-4555-A2D9-32AA0A868E99}.Debug|Any CPU.ActiveCfg = Debug|Any CPU
		{3EB1B680-6720-4555-A2D9-32AA0A868E99}.Debug|Any CPU.Build.0 = Debug|Any CPU
		{3EB1B680-6720-4555-A2D9-32AA0A868E99}.Release|Any CPU.ActiveCfg = Release|Any CPU
		{3EB1B680-6720-4555-A2D9-32AA0A868E99}.Release|Any CPU.Build.0 = Release|Any CPU
		{582E0C53-BE55-498C-9150-B90E20591298}.Debug|Any CPU.ActiveCfg = Debug|Any CPU
		{582E0C53-BE55-498C-9150-B90E20591298}.Debug|Any CPU.Build.0 = Debug|Any CPU
		{582E0C53-BE55-498C-9150-B90E20591298}.Release|Any CPU.ActiveCfg = Release|Any CPU
		{582E0C53-BE55-498C-9150-B90E20591298}.Release|Any CPU.Build.0 = Release|Any CPU
		{D2B624E8-0311-4CEB-96B0-D46A7CDF43D6}.Debug|Any CPU.ActiveCfg = Debug|Any CPU
		{D2B624E8-0311-4CEB-96B0-D46A7CDF43D6}.Debug|Any CPU.Build.0 = Debug|Any CPU
		{D2B624E8-0311-4CEB-96B0-D46A7CDF43D6}.Release|Any CPU.ActiveCfg = Release|Any CPU
		{D2B624E8-0311-4CEB-96B0-D46A7CDF43D6}.Release|Any CPU.Build.0 = Release|Any CPU
		{449DA3EE-A3BB-408A-ACFE-1D4A8E72A143}.Debug|Any CPU.ActiveCfg = Debug|Any CPU
		{449DA3EE-A3BB-408A-ACFE-1D4A8E72A143}.Debug|Any CPU.Build.0 = Debug|Any CPU
		{449DA3EE-A3BB-408A-ACFE-1D4A8E72A143}.Release|Any CPU.ActiveCfg = Release|Any CPU
		{449DA3EE-A3BB-408A-ACFE-1D4A8E72A143}.Release|Any CPU.Build.0 = Release|Any CPU
		{25357030-5C88-4198-A2AD-935B4A990DE5}.Debug|Any CPU.ActiveCfg = Debug|Any CPU
		{25357030-5C88-4198-A2AD-935B4A990DE5}.Debug|Any CPU.Build.0 = Debug|Any CPU
		{25357030-5C88-4198-A2AD-935B4A990DE5}.Release|Any CPU.ActiveCfg = Release|Any CPU
		{25357030-5C88-4198-A2AD-935B4A990DE5}.Release|Any CPU.Build.0 = Release|Any CPU
		{E66F5055-D18B-4199-A1EC-0F8AA3CB6F9E}.Debug|Any CPU.ActiveCfg = Debug|Any CPU
		{E66F5055-D18B-4199-A1EC-0F8AA3CB6F9E}.Debug|Any CPU.Build.0 = Debug|Any CPU
		{E66F5055-D18B-4199-A1EC-0F8AA3CB6F9E}.Release|Any CPU.ActiveCfg = Release|Any CPU
		{E66F5055-D18B-4199-A1EC-0F8AA3CB6F9E}.Release|Any CPU.Build.0 = Release|Any CPU
		{01650809-8C9A-462A-9CB7-352678503C90}.Debug|Any CPU.ActiveCfg = Debug|Any CPU
		{01650809-8C9A-462A-9CB7-352678503C90}.Debug|Any CPU.Build.0 = Debug|Any CPU
		{01650809-8C9A-462A-9CB7-352678503C90}.Release|Any CPU.ActiveCfg = Release|Any CPU
		{01650809-8C9A-462A-9CB7-352678503C90}.Release|Any CPU.Build.0 = Release|Any CPU
		{43D0FBA6-157A-486E-94AF-B545CA7D5ACA}.Debug|Any CPU.ActiveCfg = Debug|Any CPU
		{43D0FBA6-157A-486E-94AF-B545CA7D5ACA}.Debug|Any CPU.Build.0 = Debug|Any CPU
		{43D0FBA6-157A-486E-94AF-B545CA7D5ACA}.Release|Any CPU.ActiveCfg = Release|Any CPU
		{43D0FBA6-157A-486E-94AF-B545CA7D5ACA}.Release|Any CPU.Build.0 = Release|Any CPU
	EndGlobalSection
	GlobalSection(SolutionProperties) = preSolution
		HideSolutionNode = FALSE
	EndGlobalSection
	GlobalSection(NestedProjects) = preSolution
		{582E0C53-BE55-498C-9150-B90E20591298} = {932FEB91-E3F8-49AB-BC51-0AF60E989278}
		{D2B624E8-0311-4CEB-96B0-D46A7CDF43D6} = {964E4B57-BB48-4150-B240-7F5BA85D384E}
		{449DA3EE-A3BB-408A-ACFE-1D4A8E72A143} = {F800DBBF-F900-4F33-87D1-BE226AF3DAE9}
		{25357030-5C88-4198-A2AD-935B4A990DE5} = {932FEB91-E3F8-49AB-BC51-0AF60E989278}
		{E66F5055-D18B-4199-A1EC-0F8AA3CB6F9E} = {AF4D485F-49E9-476B-AB7E-F078AEA56863}
		{01650809-8C9A-462A-9CB7-352678503C90} = {AF4D485F-49E9-476B-AB7E-F078AEA56863}
	EndGlobalSection
	GlobalSection(ExtensibilityGlobals) = postSolution
		SolutionGuid = {93A3010C-8A72-40B0-8D38-4962B65F62D3}
	EndGlobalSection
EndGlobal
